
Microsoft Visual Studio Solution File, Format Version 12.00
# Visual Studio Version 17
VisualStudioVersion = 17.7.34202.233
MinimumVisualStudioVersion = 10.0.40219.1
Project("{FAE04EC0-301F-11D3-BF4B-00C04F79EFBC}") = "Bankomat_simulator", "Bankomat_simulator\Bankomat_simulator.csproj", "{023AADFC-4FBD-453A-828B-D47A307CC442}"
EndProject
Global
	GlobalSection(SolutionConfigurationPlatforms) = preSolution
		Debug|Any CPU = Debug|Any CPU
		Release|Any CPU = Release|Any CPU
	EndGlobalSection
	GlobalSection(ProjectConfigurationPlatforms) = postSolution
		{023AADFC-4FBD-453A-828B-D47A307CC442}.Debug|Any CPU.ActiveCfg = Debug|Any CPU
		{023AADFC-4FBD-453A-828B-D47A307CC442}.Debug|Any CPU.Build.0 = Debug|Any CPU
		{023AADFC-4FBD-453A-828B-D47A307CC442}.Release|Any CPU.ActiveCfg = Release|Any CPU
		{023AADFC-4FBD-453A-828B-D47A307CC442}.Release|Any CPU.Build.0 = Release|Any CPU
	EndGlobalSection
	GlobalSection(SolutionProperties) = preSolution
		HideSolutionNode = FALSE
	EndGlobalSection
	GlobalSection(ExtensibilityGlobals) = postSolution
		SolutionGuid = {C9F4625D-FBC7-4251-A723-3497DF5689A2}
	EndGlobalSection
EndGlobal
